
Microsoft Visual Studio Solution File, Format Version 12.00
# Visual Studio Version 17
VisualStudioVersion = 17.4.33122.133
MinimumVisualStudioVersion = 10.0.40219.1
Project("{FAE04EC0-301F-11D3-BF4B-00C04F79EFBC}") = "Labs", "Labs\Labs.csproj", "{40A575C7-BE8E-40D5-AAD2-6CD45440E857}"
EndProject
Global
	GlobalSection(SolutionConfigurationPlatforms) = preSolution
		Debug|Any CPU = Debug|Any CPU
		Release|Any CPU = Release|Any CPU
	EndGlobalSection
	GlobalSection(ProjectConfigurationPlatforms) = postSolution
		{40A575C7-BE8E-40D5-AAD2-6CD45440E857}.Debug|Any CPU.ActiveCfg = Debug|Any CPU
		{40A575C7-BE8E-40D5-AAD2-6CD45440E857}.Debug|Any CPU.Build.0 = Debug|Any CPU
		{40A575C7-BE8E-40D5-AAD2-6CD45440E857}.Release|Any CPU.ActiveCfg = Release|Any CPU
		{40A575C7-BE8E-40D5-AAD2-6CD45440E857}.Release|Any CPU.Build.0 = Release|Any CPU
	EndGlobalSection
	GlobalSection(SolutionProperties) = preSolution
		HideSolutionNode = FALSE
	EndGlobalSection
	GlobalSection(ExtensibilityGlobals) = postSolution
		SolutionGuid = {E43B325D-4E7F-44DC-A23D-0BB5B2E9D275}
	EndGlobalSection
EndGlobal
